{
  "nodes": {
    "nixpkgs": {
      "locked": {
        "lastModified": 1652911770,
        "narHash": "sha256-wf/Lg7Yi2uq5iaYxQ+soH1Q6OAW+VdqU0WYTEifmeLc=",
        "owner": "nixos",
        "repo": "nixpkgs",
        "rev": "6e3a86f2f73a466656a401302d3ece26fba401d9",
        "type": "github"
      },
      "original": {
        "owner": "nixos",
        "repo": "nixpkgs",
        "rev": "6e3a86f2f73a466656a401302d3ece26fba401d9",
        "type": "github"
      }
    },
    "root": {
      "inputs": {
        "nixpkgs": "nixpkgs"
      }
    }
  },
  "root": "root",
  "version": 7
}
